// !$*UTF8*$!
{
	archiveVersion = 1;
	classes = {
	};
	objectVersion = 50;
	objects = {

/* Begin PBXBuildFile section */
		116082612649436700CB1A3D /* AppDelegate.swift in Sources */ = {isa = PBXBuildFile; fileRef = 116082602649436700CB1A3D /* AppDelegate.swift */; };
		116082632649436700CB1A3D /* SceneDelegate.swift in Sources */ = {isa = PBXBuildFile; fileRef = 116082622649436700CB1A3D /* SceneDelegate.swift */; };
		116082652649436700CB1A3D /* ViewController.swift in Sources */ = {isa = PBXBuildFile; fileRef = 116082642649436700CB1A3D /* ViewController.swift */; };
		116082682649436700CB1A3D /* Main.storyboard in Resources */ = {isa = PBXBuildFile; fileRef = 116082662649436700CB1A3D /* Main.storyboard */; };
		1160826A2649436800CB1A3D /* Assets.xcassets in Resources */ = {isa = PBXBuildFile; fileRef = 116082692649436800CB1A3D /* Assets.xcassets */; };
		1160826D2649436800CB1A3D /* LaunchScreen.storyboard in Resources */ = {isa = PBXBuildFile; fileRef = 1160826B2649436800CB1A3D /* LaunchScreen.storyboard */; };
		FE37F4B2C2D6656055CA2C92 /* Pods_TestingFramework.framework in Frameworks */ = {isa = PBXBuildFile; fileRef = 9520DC39824F116A44764B08 /* Pods_TestingFramework.framework */; };
/* End PBXBuildFile section */

/* Begin PBXFileReference section */
		1160825D2649436700CB1A3D /* TestingFramework.app */ = {isa = PBXFileReference; explicitFileType = wrapper.application; includeInIndex = 0; path = TestingFramework.app; sourceTree = BUILT_PRODUCTS_DIR; };
		116082602649436700CB1A3D /* AppDelegate.swift */ = {isa = PBXFileReference; lastKnownFileType = sourcecode.swift; path = AppDelegate.swift; sourceTree = "<group>"; };
		116082622649436700CB1A3D /* SceneDelegate.swift */ = {isa = PBXFileReference; lastKnownFileType = sourcecode.swift; path = SceneDelegate.swift; sourceTree = "<group>"; };
		116082642649436700CB1A3D /* ViewController.swift */ = {isa = PBXFileReference; lastKnownFileType = sourcecode.swift; path = ViewController.swift; sourceTree = "<group>"; };
		116082672649436700CB1A3D /* Base */ = {isa = PBXFileReference; lastKnownFileType = file.storyboard; name = Base; path = Base.lproj/Main.storyboard; sourceTree = "<group>"; };
		116082692649436800CB1A3D /* Assets.xcassets */ = {isa = PBXFileReference; lastKnownFileType = folder.assetcatalog; path = Assets.xcassets; sourceTree = "<group>"; };
		1160826C2649436800CB1A3D /* Base */ = {isa = PBXFileReference; lastKnownFileType = file.storyboard; name = Base; path = Base.lproj/LaunchScreen.storyboard; sourceTree = "<group>"; };
		1160826E2649436800CB1A3D /* Info.plist */ = {isa = PBXFileReference; lastKnownFileType = text.plist.xml; path = Info.plist; sourceTree = "<group>"; };
		6DCB592D2981CE59C189E014 /* Pods-TestingFramework.debug.xcconfig */ = {isa = PBXFileReference; includeInIndex = 1; lastKnownFileType = text.xcconfig; name = "Pods-TestingFramework.debug.xcconfig"; path = "Target Support Files/Pods-TestingFramework/Pods-TestingFramework.debug.xcconfig"; sourceTree = "<group>"; };
		9520DC39824F116A44764B08 /* Pods_TestingFramework.framework */ = {isa = PBXFileReference; explicitFileType = wrapper.framework; includeInIndex = 0; path = Pods_TestingFramework.framework; sourceTree = BUILT_PRODUCTS_DIR; };
		9F992AAF1A16C77734D6D383 /* Pods-TestingFramework.release.xcconfig */ = {isa = PBXFileReference; includeInIndex = 1; lastKnownFileType = text.xcconfig; name = "Pods-TestingFramework.release.xcconfig"; path = "Target Support Files/Pods-TestingFramework/Pods-TestingFramework.release.xcconfig"; sourceTree = "<group>"; };
/* End PBXFileReference section */

/* Begin PBXFrameworksBuildPhase section */
		1160825A2649436700CB1A3D /* Frameworks */ = {
			isa = PBXFrameworksBuildPhase;
			buildActionMask = 2147483647;
			files = (
				FE37F4B2C2D6656055CA2C92 /* Pods_TestingFramework.framework in Frameworks */,
			);
			runOnlyForDeploymentPostprocessing = 0;
		};
/* End PBXFrameworksBuildPhase section */

/* Begin PBXGroup section */
		116082542649436700CB1A3D = {
			isa = PBXGroup;
			children = (
				1160825F2649436700CB1A3D /* TestingFramework */,
				1160825E2649436700CB1A3D /* Products */,
				6EED043BDEF9450BA84EB02B /* Pods */,
				C68ABD1CF2AB9D6CF6DC2BFE /* Frameworks */,
			);
			sourceTree = "<group>";
		};
		1160825E2649436700CB1A3D /* Products */ = {
			isa = PBXGroup;
			children = (
				1160825D2649436700CB1A3D /* TestingFramework.app */,
			);
			name = Products;
			sourceTree = "<group>";
		};
		1160825F2649436700CB1A3D /* TestingFramework */ = {
			isa = PBXGroup;
			children = (
				116082602649436700CB1A3D /* AppDelegate.swift */,
				116082622649436700CB1A3D /* SceneDelegate.swift */,
				116082642649436700CB1A3D /* ViewController.swift */,
				116082662649436700CB1A3D /* Main.storyboard */,
				116082692649436800CB1A3D /* Assets.xcassets */,
				1160826B2649436800CB1A3D /* LaunchScreen.storyboard */,
				1160826E2649436800CB1A3D /* Info.plist */,
			);
			path = TestingFramework;
			sourceTree = "<group>";
		};
		6EED043BDEF9450BA84EB02B /* Pods */ = {
			isa = PBXGroup;
			children = (
				6DCB592D2981CE59C189E014 /* Pods-TestingFramework.debug.xcconfig */,
				9F992AAF1A16C77734D6D383 /* Pods-TestingFramework.release.xcconfig */,
			);
			name = Pods;
			path = Pods;
			sourceTree = "<group>";
		};
		C68ABD1CF2AB9D6CF6DC2BFE /* Frameworks */ = {
			isa = PBXGroup;
			children = (
				9520DC39824F116A44764B08 /* Pods_TestingFramework.framework */,
			);
			name = Frameworks;
			sourceTree = "<group>";
		};
/* End PBXGroup section */

/* Begin PBXNativeTarget section */
		1160825C2649436700CB1A3D /* TestingFramework */ = {
			isa = PBXNativeTarget;
			buildConfigurationList = 116082712649436800CB1A3D /* Build configuration list for PBXNativeTarget "TestingFramework" */;
			buildPhases = (
				864D1E3A5B67C1FE7F829666 /* [CP] Check Pods Manifest.lock */,
				116082592649436700CB1A3D /* Sources */,
				1160825A2649436700CB1A3D /* Frameworks */,
				1160825B2649436700CB1A3D /* Resources */,
				ACAB02ABF45F461E58007725 /* [CP] Embed Pods Frameworks */,
			);
			buildRules = (
			);
			dependencies = (
			);
			name = TestingFramework;
			productName = TestingFramework;
			productReference = 1160825D2649436700CB1A3D /* TestingFramework.app */;
			productType = "com.apple.product-type.application";
		};
/* End PBXNativeTarget section */

/* Begin PBXProject section */
		116082552649436700CB1A3D /* Project object */ = {
			isa = PBXProject;
			attributes = {
				LastSwiftUpdateCheck = 1250;
				LastUpgradeCheck = 1250;
				TargetAttributes = {
					1160825C2649436700CB1A3D = {
						CreatedOnToolsVersion = 12.5;
					};
				};
			};
			buildConfigurationList = 116082582649436700CB1A3D /* Build configuration list for PBXProject "TestingFramework" */;
			compatibilityVersion = "Xcode 9.3";
			developmentRegion = en;
			hasScannedForEncodings = 0;
			knownRegions = (
				en,
				Base,
			);
			mainGroup = 116082542649436700CB1A3D;
			productRefGroup = 1160825E2649436700CB1A3D /* Products */;
			projectDirPath = "";
			projectRoot = "";
			targets = (
				1160825C2649436700CB1A3D /* TestingFramework */,
			);
		};
/* End PBXProject section */

/* Begin PBXResourcesBuildPhase section */
		1160825B2649436700CB1A3D /* Resources */ = {
			isa = PBXResourcesBuildPhase;
			buildActionMask = 2147483647;
			files = (
				1160826D2649436800CB1A3D /* LaunchScreen.storyboard in Resources */,
				1160826A2649436800CB1A3D /* Assets.xcassets in Resources */,
				116082682649436700CB1A3D /* Main.storyboard in Resources */,
			);
			runOnlyForDeploymentPostprocessing = 0;
		};
/* End PBXResourcesBuildPhase section */

/* Begin PBXShellScriptBuildPhase section */
		864D1E3A5B67C1FE7F829666 /* [CP] Check Pods Manifest.lock */ = {
			isa = PBXShellScriptBuildPhase;
			buildActionMask = 2147483647;
			files = (
			);
			inputFileListPaths = (
			);
			inputPaths = (
				"${PODS_PODFILE_DIR_PATH}/Podfile.lock",
				"${PODS_ROOT}/Manifest.lock",
			);
			name = "[CP] Check Pods Manifest.lock";
			outputFileListPaths = (
			);
			outputPaths = (
				"$(DERIVED_FILE_DIR)/Pods-TestingFramework-checkManifestLockResult.txt",
			);
			runOnlyForDeploymentPostprocessing = 0;
			shellPath = /bin/sh;
			shellScript = "diff \"${PODS_PODFILE_DIR_PATH}/Podfile.lock\" \"${PODS_ROOT}/Manifest.lock\" > /dev/null\nif [ $? != 0 ] ; then\n    # print error to STDERR\n    echo \"error: The sandbox is not in sync with the Podfile.lock. Run 'pod install' or update your CocoaPods installation.\" >&2\n    exit 1\nfi\n# This output is used by Xcode 'outputs' to avoid re-running this script phase.\necho \"SUCCESS\" > \"${SCRIPT_OUTPUT_FILE_0}\"\n";
			showEnvVarsInLog = 0;
		};
		ACAB02ABF45F461E58007725 /* [CP] Embed Pods Frameworks */ = {
			isa = PBXShellScriptBuildPhase;
			buildActionMask = 2147483647;
			files = (
			);
			inputFileListPaths = (
				"${PODS_ROOT}/Target Support Files/Pods-TestingFramework/Pods-TestingFramework-frameworks-${CONFIGURATION}-input-files.xcfilelist",
			);
			name = "[CP] Embed Pods Frameworks";
			outputFileListPaths = (
				"${PODS_ROOT}/Target Support Files/Pods-TestingFramework/Pods-TestingFramework-frameworks-${CONFIGURATION}-output-files.xcfilelist",
			);
			runOnlyForDeploymentPostprocessing = 0;
			shellPath = /bin/sh;
			shellScript = "\"${PODS_ROOT}/Target Support Files/Pods-TestingFramework/Pods-TestingFramework-frameworks.sh\"\n";
			showEnvVarsInLog = 0;
		};
/* End PBXShellScriptBuildPhase section */

/* Begin PBXSourcesBuildPhase section */
		116082592649436700CB1A3D /* Sources */ = {
			isa = PBXSourcesBuildPhase;
			buildActionMask = 2147483647;
			files = (
				116082652649436700CB1A3D /* ViewController.swift in Sources */,
				116082612649436700CB1A3D /* AppDelegate.swift in Sources */,
				116082632649436700CB1A3D /* SceneDelegate.swift in Sources */,
			);
			runOnlyForDeploymentPostprocessing = 0;
		};
/* End PBXSourcesBuildPhase section */

/* Begin PBXVariantGroup section */
		116082662649436700CB1A3D /* Main.storyboard */ = {
			isa = PBXVariantGroup;
			children = (
				116082672649436700CB1A3D /* Base */,
			);
			name = Main.storyboard;
			sourceTree = "<group>";
		};
		1160826B2649436800CB1A3D /* LaunchScreen.storyboard */ = {
			isa = PBXVariantGroup;
			children = (
				1160826C2649436800CB1A3D /* Base */,
			);
			name = LaunchScreen.storyboard;
			sourceTree = "<group>";
		};
/* End PBXVariantGroup section */

/* Begin XCBuildConfiguration section */
		1160826F2649436800CB1A3D /* Debug */ = {
			isa = XCBuildConfiguration;
			buildSettings = {
				ALWAYS_SEARCH_USER_PATHS = NO;
				CLANG_ANALYZER_NONNULL = YES;
				CLANG_ANALYZER_NUMBER_OBJECT_CONVERSION = YES_AGGRESSIVE;
				CLANG_CXX_LANGUAGE_STANDARD = "gnu++14";
				CLANG_CXX_LIBRARY = "libc++";
				CLANG_ENABLE_MODULES = YES;
				CLANG_ENABLE_OBJC_ARC = YES;
				CLANG_ENABLE_OBJC_WEAK = YES;
				CLANG_WARN_BLOCK_CAPTURE_AUTORELEASING = YES;
				CLANG_WARN_BOOL_CONVERSION = YES;
				CLANG_WARN_COMMA = YES;
				CLANG_WARN_CONSTANT_CONVERSION = YES;
				CLANG_WARN_DEPRECATED_OBJC_IMPLEMENTATIONS = YES;
				CLANG_WARN_DIRECT_OBJC_ISA_USAGE = YES_ERROR;
				CLANG_WARN_DOCUMENTATION_COMMENTS = YES;
				CLANG_WARN_EMPTY_BODY = YES;
				CLANG_WARN_ENUM_CONVERSION = YES;
				CLANG_WARN_INFINITE_RECURSION = YES;
				CLANG_WARN_INT_CONVERSION = YES;
				CLANG_WARN_NON_LITERAL_NULL_CONVERSION = YES;
				CLANG_WARN_OBJC_IMPLICIT_RETAIN_SELF = YES;
				CLANG_WARN_OBJC_LITERAL_CONVERSION = YES;
				CLANG_WARN_OBJC_ROOT_CLASS = YES_ERROR;
				CLANG_WARN_QUOTED_INCLUDE_IN_FRAMEWORK_HEADER = YES;
				CLANG_WARN_RANGE_LOOP_ANALYSIS = YES;
				CLANG_WARN_STRICT_PROTOTYPES = YES;
				CLANG_WARN_SUSPICIOUS_MOVE = YES;
				CLANG_WARN_UNGUARDED_AVAILABILITY = YES_AGGRESSIVE;
				CLANG_WARN_UNREACHABLE_CODE = YES;
				CLANG_WARN__DUPLICATE_METHOD_MATCH = YES;
				COPY_PHASE_STRIP = NO;
				DEBUG_INFORMATION_FORMAT = dwarf;
				ENABLE_STRICT_OBJC_MSGSEND = YES;
				ENABLE_TESTABILITY = YES;
				GCC_C_LANGUAGE_STANDARD = gnu11;
				GCC_DYNAMIC_NO_PIC = NO;
				GCC_NO_COMMON_BLOCKS = YES;
				GCC_OPTIMIZATION_LEVEL = 0;
				GCC_PREPROCESSOR_DEFINITIONS = (
					"DEBUG=1",
					"$(inherited)",
				);
				GCC_WARN_64_TO_32_BIT_CONVERSION = YES;
				GCC_WARN_ABOUT_RETURN_TYPE = YES_ERROR;
				GCC_WARN_UNDECLARED_SELECTOR = YES;
				GCC_WARN_UNINITIALIZED_AUTOS = YES_AGGRESSIVE;
				GCC_WARN_UNUSED_FUNCTION = YES;
				GCC_WARN_UNUSED_VARIABLE = YES;
				IPHONEOS_DEPLOYMENT_TARGET = 14.5;
				MTL_ENABLE_DEBUG_INFO = INCLUDE_SOURCE;
				MTL_FAST_MATH = YES;
				ONLY_ACTIVE_ARCH = YES;
				SDKROOT = iphoneos;
				SWIFT_ACTIVE_COMPILATION_CONDITIONS = DEBUG;
				SWIFT_OPTIMIZATION_LEVEL = "-Onone";
			};
			name = Debug;
		};
		116082702649436800CB1A3D /* Release */ = {
			isa = XCBuildConfiguration;
			buildSettings = {
				ALWAYS_SEARCH_USER_PATHS = NO;
				CLANG_ANALYZER_NONNULL = YES;
				CLANG_ANALYZER_NUMBER_OBJECT_CONVERSION = YES_AGGRESSIVE;
				CLANG_CXX_LANGUAGE_STANDARD = "gnu++14";
				CLANG_CXX_LIBRARY = "libc++";
				CLANG_ENABLE_MODULES = YES;
				CLANG_ENABLE_OBJC_ARC = YES;
				CLANG_ENABLE_OBJC_WEAK = YES;
				CLANG_WARN_BLOCK_CAPTURE_AUTORELEASING = YES;
				CLANG_WARN_BOOL_CONVERSION = YES;
				CLANG_WARN_COMMA = YES;
				CLANG_WARN_CONSTANT_CONVERSION = YES;
				CLANG_WARN_DEPRECATED_OBJC_IMPLEMENTATIONS = YES;
				CLANG_WARN_DIRECT_OBJC_ISA_USAGE = YES_ERROR;
				CLANG_WARN_DOCUMENTATION_COMMENTS = YES;
				CLANG_WARN_EMPTY_BODY = YES;
				CLANG_WARN_ENUM_CONVERSION = YES;
				CLANG_WARN_INFINITE_RECURSION = YES;
				CLANG_WARN_INT_CONVERSION = YES;
				CLANG_WARN_NON_LITERAL_NULL_CONVERSION = YES;
				CLANG_WARN_OBJC_IMPLICIT_RETAIN_SELF = YES;
				CLANG_WARN_OBJC_LITERAL_CONVERSION = YES;
				CLANG_WARN_OBJC_ROOT_CLASS = YES_ERROR;
				CLANG_WARN_QUOTED_INCLUDE_IN_FRAMEWORK_HEADER = YES;
				CLANG_WARN_RANGE_LOOP_ANALYSIS = YES;
				CLANG_WARN_STRICT_PROTOTYPES = YES;
				CLANG_WARN_SUSPICIOUS_MOVE = YES;
				CLANG_WARN_UNGUARDED_AVAILABILITY = YES_AGGRESSIVE;
				CLANG_WARN_UNREACHABLE_CODE = YES;
				CLANG_WARN__DUPLICATE_METHOD_MATCH = YES;
				COPY_PHASE_STRIP = NO;
				DEBUG_INFORMATION_FORMAT = "dwarf-with-dsym";
				ENABLE_NS_ASSERTIONS = NO;
				ENABLE_STRICT_OBJC_MSGSEND = YES;
				GCC_C_LANGUAGE_STANDARD = gnu11;
				GCC_NO_COMMON_BLOCKS = YES;
				GCC_WARN_64_TO_32_BIT_CONVERSION = YES;
				GCC_WARN_ABOUT_RETURN_TYPE = YES_ERROR;
				GCC_WARN_UNDECLARED_SELECTOR = YES;
				GCC_WARN_UNINITIALIZED_AUTOS = YES_AGGRESSIVE;
				GCC_WARN_UNUSED_FUNCTION = YES;
				GCC_WARN_UNUSED_VARIABLE = YES;
				IPHONEOS_DEPLOYMENT_TARGET = 14.5;
				MTL_ENABLE_DEBUG_INFO = NO;
				MTL_FAST_MATH = YES;
				SDKROOT = iphoneos;
				SWIFT_COMPILATION_MODE = wholemodule;
				SWIFT_OPTIMIZATION_LEVEL = "-O";
				VALIDATE_PRODUCT = YES;
			};
			name = Release;
		};
		116082722649436800CB1A3D /* Debug */ = {
			isa = XCBuildConfiguration;
			baseConfigurationReference = 6DCB592D2981CE59C189E014 /* Pods-TestingFramework.debug.xcconfig */;
			buildSettings = {
				ASSETCATALOG_COMPILER_APPICON_NAME = AppIcon;
				ASSETCATALOG_COMPILER_GLOBAL_ACCENT_COLOR_NAME = AccentColor;
				CODE_SIGN_STYLE = Automatic;
				INFOPLIST_FILE = TestingFramework/Info.plist;
				IPHONEOS_DEPLOYMENT_TARGET = 9.0;
				LD_RUNPATH_SEARCH_PATHS = (
					"$(inherited)",
					"@executable_path/Frameworks",
				);
				PRODUCT_BUNDLE_IDENTIFIER = com.ace2three.SamplePods.TestingFramework;
				PRODUCT_NAME = "$(TARGET_NAME)";
				SWIFT_VERSION = 5.0;
				TARGETED_DEVICE_FAMILY = "1,2";
			};
			name = Debug;
		};
		116082732649436800CB1A3D /* Release */ = {
			isa = XCBuildConfiguration;
			baseConfigurationReference = 9F992AAF1A16C77734D6D383 /* Pods-TestingFramework.release.xcconfig */;
			buildSettings = {
				ASSETCATALOG_COMPILER_APPICON_NAME = AppIcon;
				ASSETCATALOG_COMPILER_GLOBAL_ACCENT_COLOR_NAME = AccentColor;
				CODE_SIGN_STYLE = Automatic;
				INFOPLIST_FILE = TestingFramework/Info.plist;
				IPHONEOS_DEPLOYMENT_TARGET = 9.0;
				LD_RUNPATH_SEARCH_PATHS = (
					"$(inherited)",
					"@executable_path/Frameworks",
				);
				PRODUCT_BUNDLE_IDENTIFIER = com.ace2three.SamplePods.TestingFramework;
				PRODUCT_NAME = "$(TARGET_NAME)";
				SWIFT_VERSION = 5.0;
				TARGETED_DEVICE_FAMILY = "1,2";
			};
			name = Release;
		};
/* End XCBuildConfiguration section */

/* Begin XCConfigurationList section */
		116082582649436700CB1A3D /* Build configuration list for PBXProject "TestingFramework" */ = {
			isa = XCConfigurationList;
			buildConfigurations = (
				1160826F2649436800CB1A3D /* Debug */,
				116082702649436800CB1A3D /* Release */,
			);
			defaultConfigurationIsVisible = 0;
			defaultConfigurationName = Release;
		};
		116082712649436800CB1A3D /* Build configuration list for PBXNativeTarget "TestingFramework" */ = {
			isa = XCConfigurationList;
			buildConfigurations = (
				116082722649436800CB1A3D /* Debug */,
				116082732649436800CB1A3D /* Release */,
			);
			defaultConfigurationIsVisible = 0;
			defaultConfigurationName = Release;
		};
/* End XCConfigurationList section */
	};
	rootObject = 116082552649436700CB1A3D /* Project object */;
}
