// !$*UTF8*$!
{
	archiveVersion = 1;
	classes = {
	};
	objectVersion = 50;
	objects = {

/* Begin PBXBuildFile section */
		1128DF4C26493D3400B9473F /* AppDelegate.swift in Sources */ = {isa = PBXBuildFile; fileRef = 1128DF4B26493D3400B9473F /* AppDelegate.swift */; };
		1128DF4E26493D3400B9473F /* SceneDelegate.swift in Sources */ = {isa = PBXBuildFile; fileRef = 1128DF4D26493D3400B9473F /* SceneDelegate.swift */; };
		1128DF5026493D3400B9473F /* ViewController.swift in Sources */ = {isa = PBXBuildFile; fileRef = 1128DF4F26493D3400B9473F /* ViewController.swift */; };
		1128DF5326493D3400B9473F /* Main.storyboard in Resources */ = {isa = PBXBuildFile; fileRef = 1128DF5126493D3400B9473F /* Main.storyboard */; };
		1128DF5526493D3500B9473F /* Assets.xcassets in Resources */ = {isa = PBXBuildFile; fileRef = 1128DF5426493D3500B9473F /* Assets.xcassets */; };
		1128DF5826493D3500B9473F /* LaunchScreen.storyboard in Resources */ = {isa = PBXBuildFile; fileRef = 1128DF5626493D3500B9473F /* LaunchScreen.storyboard */; };
		EB3ADF32292F9992B7DDE41E /* Pods_ExamplePods.framework in Frameworks */ = {isa = PBXBuildFile; fileRef = 0922014F9CF1ECB2682D653B /* Pods_ExamplePods.framework */; };
/* End PBXBuildFile section */

/* Begin PBXFileReference section */
		0922014F9CF1ECB2682D653B /* Pods_ExamplePods.framework */ = {isa = PBXFileReference; explicitFileType = wrapper.framework; includeInIndex = 0; path = Pods_ExamplePods.framework; sourceTree = BUILT_PRODUCTS_DIR; };
		1128DF4826493D3400B9473F /* ExamplePods.app */ = {isa = PBXFileReference; explicitFileType = wrapper.application; includeInIndex = 0; path = ExamplePods.app; sourceTree = BUILT_PRODUCTS_DIR; };
		1128DF4B26493D3400B9473F /* AppDelegate.swift */ = {isa = PBXFileReference; lastKnownFileType = sourcecode.swift; path = AppDelegate.swift; sourceTree = "<group>"; };
		1128DF4D26493D3400B9473F /* SceneDelegate.swift */ = {isa = PBXFileReference; lastKnownFileType = sourcecode.swift; path = SceneDelegate.swift; sourceTree = "<group>"; };
		1128DF4F26493D3400B9473F /* ViewController.swift */ = {isa = PBXFileReference; lastKnownFileType = sourcecode.swift; path = ViewController.swift; sourceTree = "<group>"; };
		1128DF5226493D3400B9473F /* Base */ = {isa = PBXFileReference; lastKnownFileType = file.storyboard; name = Base; path = Base.lproj/Main.storyboard; sourceTree = "<group>"; };
		1128DF5426493D3500B9473F /* Assets.xcassets */ = {isa = PBXFileReference; lastKnownFileType = folder.assetcatalog; path = Assets.xcassets; sourceTree = "<group>"; };
		1128DF5726493D3500B9473F /* Base */ = {isa = PBXFileReference; lastKnownFileType = file.storyboard; name = Base; path = Base.lproj/LaunchScreen.storyboard; sourceTree = "<group>"; };
		1128DF5926493D3500B9473F /* Info.plist */ = {isa = PBXFileReference; lastKnownFileType = text.plist.xml; path = Info.plist; sourceTree = "<group>"; };
		3C5AAF0354A05278D097408C /* Pods-ExamplePods.debug.xcconfig */ = {isa = PBXFileReference; includeInIndex = 1; lastKnownFileType = text.xcconfig; name = "Pods-ExamplePods.debug.xcconfig"; path = "Target Support Files/Pods-ExamplePods/Pods-ExamplePods.debug.xcconfig"; sourceTree = "<group>"; };
		CCA37DC7985BCE956BE60CC0 /* Pods-ExamplePods.release.xcconfig */ = {isa = PBXFileReference; includeInIndex = 1; lastKnownFileType = text.xcconfig; name = "Pods-ExamplePods.release.xcconfig"; path = "Target Support Files/Pods-ExamplePods/Pods-ExamplePods.release.xcconfig"; sourceTree = "<group>"; };
/* End PBXFileReference section */

/* Begin PBXFrameworksBuildPhase section */
		1128DF4526493D3400B9473F /* Frameworks */ = {
			isa = PBXFrameworksBuildPhase;
			buildActionMask = 2147483647;
			files = (
				EB3ADF32292F9992B7DDE41E /* Pods_ExamplePods.framework in Frameworks */,
			);
			runOnlyForDeploymentPostprocessing = 0;
		};
/* End PBXFrameworksBuildPhase section */

/* Begin PBXGroup section */
		046F3A95B3D26BC991F5250D /* Frameworks */ = {
			isa = PBXGroup;
			children = (
				0922014F9CF1ECB2682D653B /* Pods_ExamplePods.framework */,
			);
			name = Frameworks;
			sourceTree = "<group>";
		};
		1128DF3F26493D3400B9473F = {
			isa = PBXGroup;
			children = (
				1128DF4A26493D3400B9473F /* ExamplePods */,
				1128DF4926493D3400B9473F /* Products */,
				8349DDCCEE5759C7E4BB2568 /* Pods */,
				046F3A95B3D26BC991F5250D /* Frameworks */,
			);
			sourceTree = "<group>";
		};
		1128DF4926493D3400B9473F /* Products */ = {
			isa = PBXGroup;
			children = (
				1128DF4826493D3400B9473F /* ExamplePods.app */,
			);
			name = Products;
			sourceTree = "<group>";
		};
		1128DF4A26493D3400B9473F /* ExamplePods */ = {
			isa = PBXGroup;
			children = (
				1128DF4B26493D3400B9473F /* AppDelegate.swift */,
				1128DF4D26493D3400B9473F /* SceneDelegate.swift */,
				1128DF4F26493D3400B9473F /* ViewController.swift */,
				1128DF5126493D3400B9473F /* Main.storyboard */,
				1128DF5426493D3500B9473F /* Assets.xcassets */,
				1128DF5626493D3500B9473F /* LaunchScreen.storyboard */,
				1128DF5926493D3500B9473F /* Info.plist */,
			);
			path = ExamplePods;
			sourceTree = "<group>";
		};
		8349DDCCEE5759C7E4BB2568 /* Pods */ = {
			isa = PBXGroup;
			children = (
				3C5AAF0354A05278D097408C /* Pods-ExamplePods.debug.xcconfig */,
				CCA37DC7985BCE956BE60CC0 /* Pods-ExamplePods.release.xcconfig */,
			);
			name = Pods;
			path = Pods;
			sourceTree = "<group>";
		};
/* End PBXGroup section */

/* Begin PBXNativeTarget section */
		1128DF4726493D3400B9473F /* ExamplePods */ = {
			isa = PBXNativeTarget;
			buildConfigurationList = 1128DF5C26493D3500B9473F /* Build configuration list for PBXNativeTarget "ExamplePods" */;
			buildPhases = (
				AD234DF8AEAC204460A223BC /* [CP] Check Pods Manifest.lock */,
				1128DF4426493D3400B9473F /* Sources */,
				1128DF4526493D3400B9473F /* Frameworks */,
				1128DF4626493D3400B9473F /* Resources */,
				8B682650131C9ED617F98D1C /* [CP] Embed Pods Frameworks */,
			);
			buildRules = (
			);
			dependencies = (
			);
			name = ExamplePods;
			productName = ExamplePods;
			productReference = 1128DF4826493D3400B9473F /* ExamplePods.app */;
			productType = "com.apple.product-type.application";
		};
/* End PBXNativeTarget section */

/* Begin PBXProject section */
		1128DF4026493D3400B9473F /* Project object */ = {
			isa = PBXProject;
			attributes = {
				LastSwiftUpdateCheck = 1250;
				LastUpgradeCheck = 1250;
				TargetAttributes = {
					1128DF4726493D3400B9473F = {
						CreatedOnToolsVersion = 12.5;
					};
				};
			};
			buildConfigurationList = 1128DF4326493D3400B9473F /* Build configuration list for PBXProject "ExamplePods" */;
			compatibilityVersion = "Xcode 9.3";
			developmentRegion = en;
			hasScannedForEncodings = 0;
			knownRegions = (
				en,
				Base,
			);
			mainGroup = 1128DF3F26493D3400B9473F;
			productRefGroup = 1128DF4926493D3400B9473F /* Products */;
			projectDirPath = "";
			projectRoot = "";
			targets = (
				1128DF4726493D3400B9473F /* ExamplePods */,
			);
		};
/* End PBXProject section */

/* Begin PBXResourcesBuildPhase section */
		1128DF4626493D3400B9473F /* Resources */ = {
			isa = PBXResourcesBuildPhase;
			buildActionMask = 2147483647;
			files = (
				1128DF5826493D3500B9473F /* LaunchScreen.storyboard in Resources */,
				1128DF5526493D3500B9473F /* Assets.xcassets in Resources */,
				1128DF5326493D3400B9473F /* Main.storyboard in Resources */,
			);
			runOnlyForDeploymentPostprocessing = 0;
		};
/* End PBXResourcesBuildPhase section */

/* Begin PBXShellScriptBuildPhase section */
		8B682650131C9ED617F98D1C /* [CP] Embed Pods Frameworks */ = {
			isa = PBXShellScriptBuildPhase;
			buildActionMask = 2147483647;
			files = (
			);
			inputFileListPaths = (
				"${PODS_ROOT}/Target Support Files/Pods-ExamplePods/Pods-ExamplePods-frameworks-${CONFIGURATION}-input-files.xcfilelist",
			);
			name = "[CP] Embed Pods Frameworks";
			outputFileListPaths = (
				"${PODS_ROOT}/Target Support Files/Pods-ExamplePods/Pods-ExamplePods-frameworks-${CONFIGURATION}-output-files.xcfilelist",
			);
			runOnlyForDeploymentPostprocessing = 0;
			shellPath = /bin/sh;
			shellScript = "\"${PODS_ROOT}/Target Support Files/Pods-ExamplePods/Pods-ExamplePods-frameworks.sh\"\n";
			showEnvVarsInLog = 0;
		};
		AD234DF8AEAC204460A223BC /* [CP] Check Pods Manifest.lock */ = {
			isa = PBXShellScriptBuildPhase;
			buildActionMask = 2147483647;
			files = (
			);
			inputFileListPaths = (
			);
			inputPaths = (
				"${PODS_PODFILE_DIR_PATH}/Podfile.lock",
				"${PODS_ROOT}/Manifest.lock",
			);
			name = "[CP] Check Pods Manifest.lock";
			outputFileListPaths = (
			);
			outputPaths = (
				"$(DERIVED_FILE_DIR)/Pods-ExamplePods-checkManifestLockResult.txt",
			);
			runOnlyForDeploymentPostprocessing = 0;
			shellPath = /bin/sh;
			shellScript = "diff \"${PODS_PODFILE_DIR_PATH}/Podfile.lock\" \"${PODS_ROOT}/Manifest.lock\" > /dev/null\nif [ $? != 0 ] ; then\n    # print error to STDERR\n    echo \"error: The sandbox is not in sync with the Podfile.lock. Run 'pod install' or update your CocoaPods installation.\" >&2\n    exit 1\nfi\n# This output is used by Xcode 'outputs' to avoid re-running this script phase.\necho \"SUCCESS\" > \"${SCRIPT_OUTPUT_FILE_0}\"\n";
			showEnvVarsInLog = 0;
		};
/* End PBXShellScriptBuildPhase section */

/* Begin PBXSourcesBuildPhase section */
		1128DF4426493D3400B9473F /* Sources */ = {
			isa = PBXSourcesBuildPhase;
			buildActionMask = 2147483647;
			files = (
				1128DF5026493D3400B9473F /* ViewController.swift in Sources */,
				1128DF4C26493D3400B9473F /* AppDelegate.swift in Sources */,
				1128DF4E26493D3400B9473F /* SceneDelegate.swift in Sources */,
			);
			runOnlyForDeploymentPostprocessing = 0;
		};
/* End PBXSourcesBuildPhase section */

/* Begin PBXVariantGroup section */
		1128DF5126493D3400B9473F /* Main.storyboard */ = {
			isa = PBXVariantGroup;
			children = (
				1128DF5226493D3400B9473F /* Base */,
			);
			name = Main.storyboard;
			sourceTree = "<group>";
		};
		1128DF5626493D3500B9473F /* LaunchScreen.storyboard */ = {
			isa = PBXVariantGroup;
			children = (
				1128DF5726493D3500B9473F /* Base */,
			);
			name = LaunchScreen.storyboard;
			sourceTree = "<group>";
		};
/* End PBXVariantGroup section */

/* Begin XCBuildConfiguration section */
		1128DF5A26493D3500B9473F /* Debug */ = {
			isa = XCBuildConfiguration;
			buildSettings = {
				ALWAYS_SEARCH_USER_PATHS = NO;
				CLANG_ANALYZER_NONNULL = YES;
				CLANG_ANALYZER_NUMBER_OBJECT_CONVERSION = YES_AGGRESSIVE;
				CLANG_CXX_LANGUAGE_STANDARD = "gnu++14";
				CLANG_CXX_LIBRARY = "libc++";
				CLANG_ENABLE_MODULES = YES;
				CLANG_ENABLE_OBJC_ARC = YES;
				CLANG_ENABLE_OBJC_WEAK = YES;
				CLANG_WARN_BLOCK_CAPTURE_AUTORELEASING = YES;
				CLANG_WARN_BOOL_CONVERSION = YES;
				CLANG_WARN_COMMA = YES;
				CLANG_WARN_CONSTANT_CONVERSION = YES;
				CLANG_WARN_DEPRECATED_OBJC_IMPLEMENTATIONS = YES;
				CLANG_WARN_DIRECT_OBJC_ISA_USAGE = YES_ERROR;
				CLANG_WARN_DOCUMENTATION_COMMENTS = YES;
				CLANG_WARN_EMPTY_BODY = YES;
				CLANG_WARN_ENUM_CONVERSION = YES;
				CLANG_WARN_INFINITE_RECURSION = YES;
				CLANG_WARN_INT_CONVERSION = YES;
				CLANG_WARN_NON_LITERAL_NULL_CONVERSION = YES;
				CLANG_WARN_OBJC_IMPLICIT_RETAIN_SELF = YES;
				CLANG_WARN_OBJC_LITERAL_CONVERSION = YES;
				CLANG_WARN_OBJC_ROOT_CLASS = YES_ERROR;
				CLANG_WARN_QUOTED_INCLUDE_IN_FRAMEWORK_HEADER = YES;
				CLANG_WARN_RANGE_LOOP_ANALYSIS = YES;
				CLANG_WARN_STRICT_PROTOTYPES = YES;
				CLANG_WARN_SUSPICIOUS_MOVE = YES;
				CLANG_WARN_UNGUARDED_AVAILABILITY = YES_AGGRESSIVE;
				CLANG_WARN_UNREACHABLE_CODE = YES;
				CLANG_WARN__DUPLICATE_METHOD_MATCH = YES;
				COPY_PHASE_STRIP = NO;
				DEBUG_INFORMATION_FORMAT = dwarf;
				ENABLE_STRICT_OBJC_MSGSEND = YES;
				ENABLE_TESTABILITY = YES;
				GCC_C_LANGUAGE_STANDARD = gnu11;
				GCC_DYNAMIC_NO_PIC = NO;
				GCC_NO_COMMON_BLOCKS = YES;
				GCC_OPTIMIZATION_LEVEL = 0;
				GCC_PREPROCESSOR_DEFINITIONS = (
					"DEBUG=1",
					"$(inherited)",
				);
				GCC_WARN_64_TO_32_BIT_CONVERSION = YES;
				GCC_WARN_ABOUT_RETURN_TYPE = YES_ERROR;
				GCC_WARN_UNDECLARED_SELECTOR = YES;
				GCC_WARN_UNINITIALIZED_AUTOS = YES_AGGRESSIVE;
				GCC_WARN_UNUSED_FUNCTION = YES;
				GCC_WARN_UNUSED_VARIABLE = YES;
				IPHONEOS_DEPLOYMENT_TARGET = 14.5;
				MTL_ENABLE_DEBUG_INFO = INCLUDE_SOURCE;
				MTL_FAST_MATH = YES;
				ONLY_ACTIVE_ARCH = YES;
				SDKROOT = iphoneos;
				SWIFT_ACTIVE_COMPILATION_CONDITIONS = DEBUG;
				SWIFT_OPTIMIZATION_LEVEL = "-Onone";
			};
			name = Debug;
		};
		1128DF5B26493D3500B9473F /* Release */ = {
			isa = XCBuildConfiguration;
			buildSettings = {
				ALWAYS_SEARCH_USER_PATHS = NO;
				CLANG_ANALYZER_NONNULL = YES;
				CLANG_ANALYZER_NUMBER_OBJECT_CONVERSION = YES_AGGRESSIVE;
				CLANG_CXX_LANGUAGE_STANDARD = "gnu++14";
				CLANG_CXX_LIBRARY = "libc++";
				CLANG_ENABLE_MODULES = YES;
				CLANG_ENABLE_OBJC_ARC = YES;
				CLANG_ENABLE_OBJC_WEAK = YES;
				CLANG_WARN_BLOCK_CAPTURE_AUTORELEASING = YES;
				CLANG_WARN_BOOL_CONVERSION = YES;
				CLANG_WARN_COMMA = YES;
				CLANG_WARN_CONSTANT_CONVERSION = YES;
				CLANG_WARN_DEPRECATED_OBJC_IMPLEMENTATIONS = YES;
				CLANG_WARN_DIRECT_OBJC_ISA_USAGE = YES_ERROR;
				CLANG_WARN_DOCUMENTATION_COMMENTS = YES;
				CLANG_WARN_EMPTY_BODY = YES;
				CLANG_WARN_ENUM_CONVERSION = YES;
				CLANG_WARN_INFINITE_RECURSION = YES;
				CLANG_WARN_INT_CONVERSION = YES;
				CLANG_WARN_NON_LITERAL_NULL_CONVERSION = YES;
				CLANG_WARN_OBJC_IMPLICIT_RETAIN_SELF = YES;
				CLANG_WARN_OBJC_LITERAL_CONVERSION = YES;
				CLANG_WARN_OBJC_ROOT_CLASS = YES_ERROR;
				CLANG_WARN_QUOTED_INCLUDE_IN_FRAMEWORK_HEADER = YES;
				CLANG_WARN_RANGE_LOOP_ANALYSIS = YES;
				CLANG_WARN_STRICT_PROTOTYPES = YES;
				CLANG_WARN_SUSPICIOUS_MOVE = YES;
				CLANG_WARN_UNGUARDED_AVAILABILITY = YES_AGGRESSIVE;
				CLANG_WARN_UNREACHABLE_CODE = YES;
				CLANG_WARN__DUPLICATE_METHOD_MATCH = YES;
				COPY_PHASE_STRIP = NO;
				DEBUG_INFORMATION_FORMAT = "dwarf-with-dsym";
				ENABLE_NS_ASSERTIONS = NO;
				ENABLE_STRICT_OBJC_MSGSEND = YES;
				GCC_C_LANGUAGE_STANDARD = gnu11;
				GCC_NO_COMMON_BLOCKS = YES;
				GCC_WARN_64_TO_32_BIT_CONVERSION = YES;
				GCC_WARN_ABOUT_RETURN_TYPE = YES_ERROR;
				GCC_WARN_UNDECLARED_SELECTOR = YES;
				GCC_WARN_UNINITIALIZED_AUTOS = YES_AGGRESSIVE;
				GCC_WARN_UNUSED_FUNCTION = YES;
				GCC_WARN_UNUSED_VARIABLE = YES;
				IPHONEOS_DEPLOYMENT_TARGET = 14.5;
				MTL_ENABLE_DEBUG_INFO = NO;
				MTL_FAST_MATH = YES;
				SDKROOT = iphoneos;
				SWIFT_COMPILATION_MODE = wholemodule;
				SWIFT_OPTIMIZATION_LEVEL = "-O";
				VALIDATE_PRODUCT = YES;
			};
			name = Release;
		};
		1128DF5D26493D3500B9473F /* Debug */ = {
			isa = XCBuildConfiguration;
			baseConfigurationReference = 3C5AAF0354A05278D097408C /* Pods-ExamplePods.debug.xcconfig */;
			buildSettings = {
				ASSETCATALOG_COMPILER_APPICON_NAME = AppIcon;
				ASSETCATALOG_COMPILER_GLOBAL_ACCENT_COLOR_NAME = AccentColor;
				CODE_SIGN_STYLE = Automatic;
				INFOPLIST_FILE = ExamplePods/Info.plist;
				IPHONEOS_DEPLOYMENT_TARGET = 9.0;
				LD_RUNPATH_SEARCH_PATHS = (
					"$(inherited)",
					"@executable_path/Frameworks",
				);
				PRODUCT_BUNDLE_IDENTIFIER = com.ace2three.SamplePods.ExamplePods;
				PRODUCT_NAME = "$(TARGET_NAME)";
				SWIFT_VERSION = 5.0;
				TARGETED_DEVICE_FAMILY = "1,2";
			};
			name = Debug;
		};
		1128DF5E26493D3500B9473F /* Release */ = {
			isa = XCBuildConfiguration;
			baseConfigurationReference = CCA37DC7985BCE956BE60CC0 /* Pods-ExamplePods.release.xcconfig */;
			buildSettings = {
				ASSETCATALOG_COMPILER_APPICON_NAME = AppIcon;
				ASSETCATALOG_COMPILER_GLOBAL_ACCENT_COLOR_NAME = AccentColor;
				CODE_SIGN_STYLE = Automatic;
				INFOPLIST_FILE = ExamplePods/Info.plist;
				IPHONEOS_DEPLOYMENT_TARGET = 9.0;
				LD_RUNPATH_SEARCH_PATHS = (
					"$(inherited)",
					"@executable_path/Frameworks",
				);
				PRODUCT_BUNDLE_IDENTIFIER = com.ace2three.SamplePods.ExamplePods;
				PRODUCT_NAME = "$(TARGET_NAME)";
				SWIFT_VERSION = 5.0;
				TARGETED_DEVICE_FAMILY = "1,2";
			};
			name = Release;
		};
/* End XCBuildConfiguration section */

/* Begin XCConfigurationList section */
		1128DF4326493D3400B9473F /* Build configuration list for PBXProject "ExamplePods" */ = {
			isa = XCConfigurationList;
			buildConfigurations = (
				1128DF5A26493D3500B9473F /* Debug */,
				1128DF5B26493D3500B9473F /* Release */,
			);
			defaultConfigurationIsVisible = 0;
			defaultConfigurationName = Release;
		};
		1128DF5C26493D3500B9473F /* Build configuration list for PBXNativeTarget "ExamplePods" */ = {
			isa = XCConfigurationList;
			buildConfigurations = (
				1128DF5D26493D3500B9473F /* Debug */,
				1128DF5E26493D3500B9473F /* Release */,
			);
			defaultConfigurationIsVisible = 0;
			defaultConfigurationName = Release;
		};
/* End XCConfigurationList section */
	};
	rootObject = 1128DF4026493D3400B9473F /* Project object */;
}
